// !$*UTF8*$!
{
	archiveVersion = 1;
	classes = {
	};
	objectVersion = 55;
	objects = {

/* Begin PBXBuildFile section */
		EC27E58D27D38CAE00309AAC /* ListViewController.swift in Sources */ = {isa = PBXBuildFile; fileRef = EC27E58C27D38CAE00309AAC /* ListViewController.swift */; };
		EC2B141827D2A679003849DA /* AppDelegate.swift in Sources */ = {isa = PBXBuildFile; fileRef = EC2B141727D2A679003849DA /* AppDelegate.swift */; };
		EC2B141A27D2A679003849DA /* SceneDelegate.swift in Sources */ = {isa = PBXBuildFile; fileRef = EC2B141927D2A679003849DA /* SceneDelegate.swift */; };
		EC2B141C27D2A679003849DA /* mapsViewController.swift in Sources */ = {isa = PBXBuildFile; fileRef = EC2B141B27D2A679003849DA /* mapsViewController.swift */; };
		EC2B141F27D2A679003849DA /* Main.storyboard in Resources */ = {isa = PBXBuildFile; fileRef = EC2B141D27D2A679003849DA /* Main.storyboard */; };
		EC2B142227D2A679003849DA /* haritaApp.xcdatamodeld in Sources */ = {isa = PBXBuildFile; fileRef = EC2B142027D2A679003849DA /* haritaApp.xcdatamodeld */; };
		EC2B142427D2A67A003849DA /* Assets.xcassets in Resources */ = {isa = PBXBuildFile; fileRef = EC2B142327D2A67A003849DA /* Assets.xcassets */; };
		EC2B142727D2A67A003849DA /* LaunchScreen.storyboard in Resources */ = {isa = PBXBuildFile; fileRef = EC2B142527D2A67A003849DA /* LaunchScreen.storyboard */; };
/* End PBXBuildFile section */

/* Begin PBXFileReference section */
		EC27E58C27D38CAE00309AAC /* ListViewController.swift */ = {isa = PBXFileReference; lastKnownFileType = sourcecode.swift; path = ListViewController.swift; sourceTree = "<group>"; };
		EC2B141427D2A679003849DA /* haritaApp.app */ = {isa = PBXFileReference; explicitFileType = wrapper.application; includeInIndex = 0; path = haritaApp.app; sourceTree = BUILT_PRODUCTS_DIR; };
		EC2B141727D2A679003849DA /* AppDelegate.swift */ = {isa = PBXFileReference; lastKnownFileType = sourcecode.swift; path = AppDelegate.swift; sourceTree = "<group>"; };
		EC2B141927D2A679003849DA /* SceneDelegate.swift */ = {isa = PBXFileReference; lastKnownFileType = sourcecode.swift; path = SceneDelegate.swift; sourceTree = "<group>"; };
		EC2B141B27D2A679003849DA /* mapsViewController.swift */ = {isa = PBXFileReference; lastKnownFileType = sourcecode.swift; path = mapsViewController.swift; sourceTree = "<group>"; };
		EC2B141E27D2A679003849DA /* Base */ = {isa = PBXFileReference; lastKnownFileType = file.storyboard; name = Base; path = Base.lproj/Main.storyboard; sourceTree = "<group>"; };
		EC2B142127D2A679003849DA /* haritaApp.xcdatamodel */ = {isa = PBXFileReference; lastKnownFileType = wrapper.xcdatamodel; path = haritaApp.xcdatamodel; sourceTree = "<group>"; };
		EC2B142327D2A67A003849DA /* Assets.xcassets */ = {isa = PBXFileReference; lastKnownFileType = folder.assetcatalog; path = Assets.xcassets; sourceTree = "<group>"; };
		EC2B142627D2A67A003849DA /* Base */ = {isa = PBXFileReference; lastKnownFileType = file.storyboard; name = Base; path = Base.lproj/LaunchScreen.storyboard; sourceTree = "<group>"; };
		EC2B142827D2A67A003849DA /* Info.plist */ = {isa = PBXFileReference; lastKnownFileType = text.plist.xml; path = Info.plist; sourceTree = "<group>"; };
/* End PBXFileReference section */

/* Begin PBXFrameworksBuildPhase section */
		EC2B141127D2A679003849DA /* Frameworks */ = {
			isa = PBXFrameworksBuildPhase;
			buildActionMask = 2147483647;
			files = (
			);
			runOnlyForDeploymentPostprocessing = 0;
		};
/* End PBXFrameworksBuildPhase section */

/* Begin PBXGroup section */
		EC2B140B27D2A679003849DA = {
			isa = PBXGroup;
			children = (
				EC2B141627D2A679003849DA /* haritaApp */,
				EC2B141527D2A679003849DA /* Products */,
			);
			sourceTree = "<group>";
		};
		EC2B141527D2A679003849DA /* Products */ = {
			isa = PBXGroup;
			children = (
				EC2B141427D2A679003849DA /* haritaApp.app */,
			);
			name = Products;
			sourceTree = "<group>";
		};
		EC2B141627D2A679003849DA /* haritaApp */ = {
			isa = PBXGroup;
			children = (
				EC2B141727D2A679003849DA /* AppDelegate.swift */,
				EC2B141927D2A679003849DA /* SceneDelegate.swift */,
				EC2B141B27D2A679003849DA /* mapsViewController.swift */,
				EC27E58C27D38CAE00309AAC /* ListViewController.swift */,
				EC2B141D27D2A679003849DA /* Main.storyboard */,
				EC2B142327D2A67A003849DA /* Assets.xcassets */,
				EC2B142527D2A67A003849DA /* LaunchScreen.storyboard */,
				EC2B142827D2A67A003849DA /* Info.plist */,
				EC2B142027D2A679003849DA /* haritaApp.xcdatamodeld */,
			);
			path = haritaApp;
			sourceTree = "<group>";
		};
/* End PBXGroup section */

/* Begin PBXNativeTarget section */
		EC2B141327D2A679003849DA /* haritaApp */ = {
			isa = PBXNativeTarget;
			buildConfigurationList = EC2B142B27D2A67A003849DA /* Build configuration list for PBXNativeTarget "haritaApp" */;
			buildPhases = (
				EC2B141027D2A679003849DA /* Sources */,
				EC2B141127D2A679003849DA /* Frameworks */,
				EC2B141227D2A679003849DA /* Resources */,
			);
			buildRules = (
			);
			dependencies = (
			);
			name = haritaApp;
			productName = haritaApp;
			productReference = EC2B141427D2A679003849DA /* haritaApp.app */;
			productType = "com.apple.product-type.application";
		};
/* End PBXNativeTarget section */

/* Begin PBXProject section */
		EC2B140C27D2A679003849DA /* Project object */ = {
			isa = PBXProject;
			attributes = {
				BuildIndependentTargetsInParallel = 1;
				LastSwiftUpdateCheck = 1320;
				LastUpgradeCheck = 1320;
				TargetAttributes = {
					EC2B141327D2A679003849DA = {
						CreatedOnToolsVersion = 13.2.1;
					};
				};
			};
			buildConfigurationList = EC2B140F27D2A679003849DA /* Build configuration list for PBXProject "SaveLocationApp" */;
			compatibilityVersion = "Xcode 13.0";
			developmentRegion = en;
			hasScannedForEncodings = 0;
			knownRegions = (
				en,
				Base,
			);
			mainGroup = EC2B140B27D2A679003849DA;
			productRefGroup = EC2B141527D2A679003849DA /* Products */;
			projectDirPath = "";
			projectRoot = "";
			targets = (
				EC2B141327D2A679003849DA /* haritaApp */,
			);
		};
/* End PBXProject section */

/* Begin PBXResourcesBuildPhase section */
		EC2B141227D2A679003849DA /* Resources */ = {
			isa = PBXResourcesBuildPhase;
			buildActionMask = 2147483647;
			files = (
				EC2B142727D2A67A003849DA /* LaunchScreen.storyboard in Resources */,
				EC2B142427D2A67A003849DA /* Assets.xcassets in Resources */,
				EC2B141F27D2A679003849DA /* Main.storyboard in Resources */,
			);
			runOnlyForDeploymentPostprocessing = 0;
		};
/* End PBXResourcesBuildPhase section */

/* Begin PBXSourcesBuildPhase section */
		EC2B141027D2A679003849DA /* Sources */ = {
			isa = PBXSourcesBuildPhase;
			buildActionMask = 2147483647;
			files = (
				EC2B142227D2A679003849DA /* haritaApp.xcdatamodeld in Sources */,
				EC2B141C27D2A679003849DA /* mapsViewController.swift in Sources */,
				EC2B141827D2A679003849DA /* AppDelegate.swift in Sources */,
				EC27E58D27D38CAE00309AAC /* ListViewController.swift in Sources */,
				EC2B141A27D2A679003849DA /* SceneDelegate.swift in Sources */,
			);
			runOnlyForDeploymentPostprocessing = 0;
		};
/* End PBXSourcesBuildPhase section */

/* Begin PBXVariantGroup section */
		EC2B141D27D2A679003849DA /* Main.storyboard */ = {
			isa = PBXVariantGroup;
			children = (
				EC2B141E27D2A679003849DA /* Base */,
			);
			name = Main.storyboard;
			sourceTree = "<group>";
		};
		EC2B142527D2A67A003849DA /* LaunchScreen.storyboard */ = {
			isa = PBXVariantGroup;
			children = (
				EC2B142627D2A67A003849DA /* Base */,
			);
			name = LaunchScreen.storyboard;
			sourceTree = "<group>";
		};
/* End PBXVariantGroup section */

/* Begin XCBuildConfiguration section */
		EC2B142927D2A67A003849DA /* Debug */ = {
			isa = XCBuildConfiguration;
			buildSettings = {
				ALWAYS_SEARCH_USER_PATHS = NO;
				CLANG_ANALYZER_NONNULL = YES;
				CLANG_ANALYZER_NUMBER_OBJECT_CONVERSION = YES_AGGRESSIVE;
				CLANG_CXX_LANGUAGE_STANDARD = "gnu++17";
				CLANG_CXX_LIBRARY = "libc++";
				CLANG_ENABLE_MODULES = YES;
				CLANG_ENABLE_OBJC_ARC = YES;
				CLANG_ENABLE_OBJC_WEAK = YES;
				CLANG_WARN_BLOCK_CAPTURE_AUTORELEASING = YES;
				CLANG_WARN_BOOL_CONVERSION = YES;
				CLANG_WARN_COMMA = YES;
				CLANG_WARN_CONSTANT_CONVERSION = YES;
				CLANG_WARN_DEPRECATED_OBJC_IMPLEMENTATIONS = YES;
				CLANG_WARN_DIRECT_OBJC_ISA_USAGE = YES_ERROR;
				CLANG_WARN_DOCUMENTATION_COMMENTS = YES;
				CLANG_WARN_EMPTY_BODY = YES;
				CLANG_WARN_ENUM_CONVERSION = YES;
				CLANG_WARN_INFINITE_RECURSION = YES;
				CLANG_WARN_INT_CONVERSION = YES;
				CLANG_WARN_NON_LITERAL_NULL_CONVERSION = YES;
				CLANG_WARN_OBJC_IMPLICIT_RETAIN_SELF = YES;
				CLANG_WARN_OBJC_LITERAL_CONVERSION = YES;
				CLANG_WARN_OBJC_ROOT_CLASS = YES_ERROR;
				CLANG_WARN_QUOTED_INCLUDE_IN_FRAMEWORK_HEADER = YES;
				CLANG_WARN_RANGE_LOOP_ANALYSIS = YES;
				CLANG_WARN_STRICT_PROTOTYPES = YES;
				CLANG_WARN_SUSPICIOUS_MOVE = YES;
				CLANG_WARN_UNGUARDED_AVAILABILITY = YES_AGGRESSIVE;
				CLANG_WARN_UNREACHABLE_CODE = YES;
				CLANG_WARN__DUPLICATE_METHOD_MATCH = YES;
				COPY_PHASE_STRIP = NO;
				DEBUG_INFORMATION_FORMAT = dwarf;
				ENABLE_STRICT_OBJC_MSGSEND = YES;
				ENABLE_TESTABILITY = YES;
				GCC_C_LANGUAGE_STANDARD = gnu11;
				GCC_DYNAMIC_NO_PIC = NO;
				GCC_NO_COMMON_BLOCKS = YES;
				GCC_OPTIMIZATION_LEVEL = 0;
				GCC_PREPROCESSOR_DEFINITIONS = (
					"DEBUG=1",
					"$(inherited)",
				);
				GCC_WARN_64_TO_32_BIT_CONVERSION = YES;
				GCC_WARN_ABOUT_RETURN_TYPE = YES_ERROR;
				GCC_WARN_UNDECLARED_SELECTOR = YES;
				GCC_WARN_UNINITIALIZED_AUTOS = YES_AGGRESSIVE;
				GCC_WARN_UNUSED_FUNCTION = YES;
				GCC_WARN_UNUSED_VARIABLE = YES;
				IPHONEOS_DEPLOYMENT_TARGET = 15.2;
				MTL_ENABLE_DEBUG_INFO = INCLUDE_SOURCE;
				MTL_FAST_MATH = YES;
				ONLY_ACTIVE_ARCH = YES;
				SDKROOT = iphoneos;
				SWIFT_ACTIVE_COMPILATION_CONDITIONS = DEBUG;
				SWIFT_OPTIMIZATION_LEVEL = "-Onone";
			};
			name = Debug;
		};
		EC2B142A27D2A67A003849DA /* Release */ = {
			isa = XCBuildConfiguration;
			buildSettings = {
				ALWAYS_SEARCH_USER_PATHS = NO;
				CLANG_ANALYZER_NONNULL = YES;
				CLANG_ANALYZER_NUMBER_OBJECT_CONVERSION = YES_AGGRESSIVE;
				CLANG_CXX_LANGUAGE_STANDARD = "gnu++17";
				CLANG_CXX_LIBRARY = "libc++";
				CLANG_ENABLE_MODULES = YES;
				CLANG_ENABLE_OBJC_ARC = YES;
				CLANG_ENABLE_OBJC_WEAK = YES;
				CLANG_WARN_BLOCK_CAPTURE_AUTORELEASING = YES;
				CLANG_WARN_BOOL_CONVERSION = YES;
				CLANG_WARN_COMMA = YES;
				CLANG_WARN_CONSTANT_CONVERSION = YES;
				CLANG_WARN_DEPRECATED_OBJC_IMPLEMENTATIONS = YES;
				CLANG_WARN_DIRECT_OBJC_ISA_USAGE = YES_ERROR;
				CLANG_WARN_DOCUMENTATION_COMMENTS = YES;
				CLANG_WARN_EMPTY_BODY = YES;
				CLANG_WARN_ENUM_CONVERSION = YES;
				CLANG_WARN_INFINITE_RECURSION = YES;
				CLANG_WARN_INT_CONVERSION = YES;
				CLANG_WARN_NON_LITERAL_NULL_CONVERSION = YES;
				CLANG_WARN_OBJC_IMPLICIT_RETAIN_SELF = YES;
				CLANG_WARN_OBJC_LITERAL_CONVERSION = YES;
				CLANG_WARN_OBJC_ROOT_CLASS = YES_ERROR;
				CLANG_WARN_QUOTED_INCLUDE_IN_FRAMEWORK_HEADER = YES;
				CLANG_WARN_RANGE_LOOP_ANALYSIS = YES;
				CLANG_WARN_STRICT_PROTOTYPES = YES;
				CLANG_WARN_SUSPICIOUS_MOVE = YES;
				CLANG_WARN_UNGUARDED_AVAILABILITY = YES_AGGRESSIVE;
				CLANG_WARN_UNREACHABLE_CODE = YES;
				CLANG_WARN__DUPLICATE_METHOD_MATCH = YES;
				COPY_PHASE_STRIP = NO;
				DEBUG_INFORMATION_FORMAT = "dwarf-with-dsym";
				ENABLE_NS_ASSERTIONS = NO;
				ENABLE_STRICT_OBJC_MSGSEND = YES;
				GCC_C_LANGUAGE_STANDARD = gnu11;
				GCC_NO_COMMON_BLOCKS = YES;
				GCC_WARN_64_TO_32_BIT_CONVERSION = YES;
				GCC_WARN_ABOUT_RETURN_TYPE = YES_ERROR;
				GCC_WARN_UNDECLARED_SELECTOR = YES;
				GCC_WARN_UNINITIALIZED_AUTOS = YES_AGGRESSIVE;
				GCC_WARN_UNUSED_FUNCTION = YES;
				GCC_WARN_UNUSED_VARIABLE = YES;
				IPHONEOS_DEPLOYMENT_TARGET = 15.2;
				MTL_ENABLE_DEBUG_INFO = NO;
				MTL_FAST_MATH = YES;
				SDKROOT = iphoneos;
				SWIFT_COMPILATION_MODE = wholemodule;
				SWIFT_OPTIMIZATION_LEVEL = "-O";
				VALIDATE_PRODUCT = YES;
			};
			name = Release;
		};
		EC2B142C27D2A67A003849DA /* Debug */ = {
			isa = XCBuildConfiguration;
			buildSettings = {
				ASSETCATALOG_COMPILER_APPICON_NAME = AppIcon;
				ASSETCATALOG_COMPILER_GLOBAL_ACCENT_COLOR_NAME = AccentColor;
				CODE_SIGN_STYLE = Automatic;
				CURRENT_PROJECT_VERSION = 1;
				DEVELOPMENT_TEAM = 3KRQW7JR73;
				GENERATE_INFOPLIST_FILE = YES;
				INFOPLIST_FILE = haritaApp/Info.plist;
				INFOPLIST_KEY_UIApplicationSupportsIndirectInputEvents = YES;
				INFOPLIST_KEY_UILaunchStoryboardName = LaunchScreen;
				INFOPLIST_KEY_UIMainStoryboardFile = Main;
				INFOPLIST_KEY_UISupportedInterfaceOrientations_iPad = "UIInterfaceOrientationPortrait UIInterfaceOrientationPortraitUpsideDown UIInterfaceOrientationLandscapeLeft UIInterfaceOrientationLandscapeRight";
				INFOPLIST_KEY_UISupportedInterfaceOrientations_iPhone = "UIInterfaceOrientationPortrait UIInterfaceOrientationLandscapeLeft UIInterfaceOrientationLandscapeRight";
				LD_RUNPATH_SEARCH_PATHS = (
					"$(inherited)",
					"@executable_path/Frameworks",
				);
				MARKETING_VERSION = 1.0;
				PRODUCT_BUNDLE_IDENTIFIER = enes.haritaApp.myapps;
				PRODUCT_NAME = "$(TARGET_NAME)";
				SWIFT_EMIT_LOC_STRINGS = YES;
				SWIFT_VERSION = 5.0;
				TARGETED_DEVICE_FAMILY = "1,2";
			};
			name = Debug;
		};
		EC2B142D27D2A67A003849DA /* Release */ = {
			isa = XCBuildConfiguration;
			buildSettings = {
				ASSETCATALOG_COMPILER_APPICON_NAME = AppIcon;
				ASSETCATALOG_COMPILER_GLOBAL_ACCENT_COLOR_NAME = AccentColor;
				CODE_SIGN_STYLE = Automatic;
				CURRENT_PROJECT_VERSION = 1;
				DEVELOPMENT_TEAM = 3KRQW7JR73;
				GENERATE_INFOPLIST_FILE = YES;
				INFOPLIST_FILE = haritaApp/Info.plist;
				INFOPLIST_KEY_UIApplicationSupportsIndirectInputEvents = YES;
				INFOPLIST_KEY_UILaunchStoryboardName = LaunchScreen;
				INFOPLIST_KEY_UIMainStoryboardFile = Main;
				INFOPLIST_KEY_UISupportedInterfaceOrientations_iPad = "UIInterfaceOrientationPortrait UIInterfaceOrientationPortraitUpsideDown UIInterfaceOrientationLandscapeLeft UIInterfaceOrientationLandscapeRight";
				INFOPLIST_KEY_UISupportedInterfaceOrientations_iPhone = "UIInterfaceOrientationPortrait UIInterfaceOrientationLandscapeLeft UIInterfaceOrientationLandscapeRight";
				LD_RUNPATH_SEARCH_PATHS = (
					"$(inherited)",
					"@executable_path/Frameworks",
				);
				MARKETING_VERSION = 1.0;
				PRODUCT_BUNDLE_IDENTIFIER = enes.haritaApp.myapps;
				PRODUCT_NAME = "$(TARGET_NAME)";
				SWIFT_EMIT_LOC_STRINGS = YES;
				SWIFT_VERSION = 5.0;
				TARGETED_DEVICE_FAMILY = "1,2";
			};
			name = Release;
		};
/* End XCBuildConfiguration section */

/* Begin XCConfigurationList section */
		EC2B140F27D2A679003849DA /* Build configuration list for PBXProject "SaveLocationApp" */ = {
			isa = XCConfigurationList;
			buildConfigurations = (
				EC2B142927D2A67A003849DA /* Debug */,
				EC2B142A27D2A67A003849DA /* Release */,
			);
			defaultConfigurationIsVisible = 0;
			defaultConfigurationName = Release;
		};
		EC2B142B27D2A67A003849DA /* Build configuration list for PBXNativeTarget "haritaApp" */ = {
			isa = XCConfigurationList;
			buildConfigurations = (
				EC2B142C27D2A67A003849DA /* Debug */,
				EC2B142D27D2A67A003849DA /* Release */,
			);
			defaultConfigurationIsVisible = 0;
			defaultConfigurationName = Release;
		};
/* End XCConfigurationList section */

/* Begin XCVersionGroup section */
		EC2B142027D2A679003849DA /* haritaApp.xcdatamodeld */ = {
			isa = XCVersionGroup;
			children = (
				EC2B142127D2A679003849DA /* haritaApp.xcdatamodel */,
			);
			currentVersion = EC2B142127D2A679003849DA /* haritaApp.xcdatamodel */;
			path = haritaApp.xcdatamodeld;
			sourceTree = "<group>";
			versionGroupType = wrapper.xcdatamodel;
		};
/* End XCVersionGroup section */
	};
	rootObject = EC2B140C27D2A679003849DA /* Project object */;
}
